dependencies:
- name: opensearch
  repository: https://opensearch-project.github.io/helm-charts
  version: 2.30.1
- name: rabbitmq
  repository: oci://registry-1.docker.io/bitnamicharts
  version: 12.9.3
- name: redis
  repository: oci://registry-1.docker.io/bitnamicharts
  version: 18.12.0
digest: sha256:72d43698b60cc9d68443eecd94aafaf5eb35e7b2b3794e8721f7a1dcd8488981
generated: "2026-09-10T14:56:56.049670734+01:00"
