dependencies:
- name: opensearch
  repository: oci://registry-1.docker.io/bitnamicharts
  version: 1.4.0
- name: postgresql
  repository: oci://registry-1.docker.io/bitnamicharts
  version: 14.3.3
- name: rabbitmq
  repository: oci://registry-1.docker.io/bitnamicharts
  version: 16.0.3
- name: redis
  repository: oci://registry-1.docker.io/bitnamicharts
  version: 18.12.0
digest: sha256:7a714fe0dd1b65458d1e80499ed25acdf71de8851ab1c58ee24899bbb1854547
generated: "2025-07-21T13:57:35.972930108+01:00"
